
Microsoft Visual Studio Solution File, Format Version 12.00
# Visual Studio 15
VisualStudioVersion = 15.0.27703.2035
MinimumVisualStudioVersion = 10.0.40219.1
Project("{FAE04EC0-301F-11D3-BF4B-00C04F79EFBC}") = "UDP Asynchronous Chat", "UDP Asynchronous Chat\UDP Asynchronous Chat.csproj", "{C8D8BB9E-21D5-48B6-9086-233D2266551B}"
EndProject
Project("{FAE04EC0-301F-11D3-BF4B-00C04F79EFBC}") = "UDP Chat Server Form", "UDP Chat Server Form\UDP Chat Server Form.csproj", "{BA46BAEB-83FF-4EC9-A13B-8B49B63A2CFC}"
EndProject
Global
	GlobalSection(SolutionConfigurationPlatforms) = preSolution
		Debug|Any CPU = Debug|Any CPU
		Release|Any CPU = Release|Any CPU
	EndGlobalSection
	GlobalSection(ProjectConfigurationPlatforms) = postSolution
		{C8D8BB9E-21D5-48B6-9086-233D2266551B}.Debug|Any CPU.ActiveCfg = Debug|Any CPU
		{C8D8BB9E-21D5-48B6-9086-233D2266551B}.Debug|Any CPU.Build.0 = Debug|Any CPU
		{C8D8BB9E-21D5-48B6-9086-233D2266551B}.Release|Any CPU.ActiveCfg = Release|Any CPU
		{C8D8BB9E-21D5-48B6-9086-233D2266551B}.Release|Any CPU.Build.0 = Release|Any CPU
		{BA46BAEB-83FF-4EC9-A13B-8B49B63A2CFC}.Debug|Any CPU.ActiveCfg = Debug|Any CPU
		{BA46BAEB-83FF-4EC9-A13B-8B49B63A2CFC}.Debug|Any CPU.Build.0 = Debug|Any CPU
		{BA46BAEB-83FF-4EC9-A13B-8B49B63A2CFC}.Release|Any CPU.ActiveCfg = Release|Any CPU
		{BA46BAEB-83FF-4EC9-A13B-8B49B63A2CFC}.Release|Any CPU.Build.0 = Release|Any CPU
	EndGlobalSection
	GlobalSection(SolutionProperties) = preSolution
		HideSolutionNode = FALSE
	EndGlobalSection
	GlobalSection(ExtensibilityGlobals) = postSolution
		SolutionGuid = {9ED277AB-30DF-4C77-A3A7-28B0CC472D57}
	EndGlobalSection
EndGlobal
